
Microsoft Visual Studio Solution File, Format Version 12.00
# Visual Studio Version 17
VisualStudioVersion = 17.11.35327.3
MinimumVisualStudioVersion = 10.0.40219.1
Project("{FAE04EC0-301F-11D3-BF4B-00C04F79EFBC}") = "QA.API", "QA.API\QA.API.csproj", "{57858AB1-DFF8-4BEC-9A83-FF76ECE0BD96}"
EndProject
Project("{FAE04EC0-301F-11D3-BF4B-00C04F79EFBC}") = "QA.Application", "QA.Application\QA.Application.csproj", "{FDB691F1-8A0A-4DC2-94B8-683C0F79AD0E}"
EndProject
Global
	GlobalSection(SolutionConfigurationPlatforms) = preSolution
		Debug|Any CPU = Debug|Any CPU
		Release|Any CPU = Release|Any CPU
	EndGlobalSection
	GlobalSection(ProjectConfigurationPlatforms) = postSolution
		{57858AB1-DFF8-4BEC-9A83-FF76ECE0BD96}.Debug|Any CPU.ActiveCfg = Debug|Any CPU
		{57858AB1-DFF8-4BEC-9A83-FF76ECE0BD96}.Debug|Any CPU.Build.0 = Debug|Any CPU
		{57858AB1-DFF8-4BEC-9A83-FF76ECE0BD96}.Release|Any CPU.ActiveCfg = Release|Any CPU
		{57858AB1-DFF8-4BEC-9A83-FF76ECE0BD96}.Release|Any CPU.Build.0 = Release|Any CPU
		{FDB691F1-8A0A-4DC2-94B8-683C0F79AD0E}.Debug|Any CPU.ActiveCfg = Debug|Any CPU
		{FDB691F1-8A0A-4DC2-94B8-683C0F79AD0E}.Debug|Any CPU.Build.0 = Debug|Any CPU
		{FDB691F1-8A0A-4DC2-94B8-683C0F79AD0E}.Release|Any CPU.ActiveCfg = Release|Any CPU
		{FDB691F1-8A0A-4DC2-94B8-683C0F79AD0E}.Release|Any CPU.Build.0 = Release|Any CPU
	EndGlobalSection
	GlobalSection(SolutionProperties) = preSolution
		HideSolutionNode = FALSE
	EndGlobalSection
	GlobalSection(ExtensibilityGlobals) = postSolution
		SolutionGuid = {62F50C27-6146-4778-84DF-87D18DE7BE35}
	EndGlobalSection
EndGlobal
